
Microsoft Visual Studio Solution File, Format Version 12.00
# Visual Studio Version 17
VisualStudioVersion = 17.8.34330.188
MinimumVisualStudioVersion = 10.0.40219.1
Project("{FAE04EC0-301F-11D3-BF4B-00C04F79EFBC}") = "1.Hello World", "1.Hello World.csproj", "{131DF709-9A25-456B-A8A3-84B9CE1E6105}"
EndProject
Global
	GlobalSection(SolutionConfigurationPlatforms) = preSolution
		Debug|Any CPU = Debug|Any CPU
		Release|Any CPU = Release|Any CPU
	EndGlobalSection
	GlobalSection(ProjectConfigurationPlatforms) = postSolution
		{131DF709-9A25-456B-A8A3-84B9CE1E6105}.Debug|Any CPU.ActiveCfg = Debug|Any CPU
		{131DF709-9A25-456B-A8A3-84B9CE1E6105}.Debug|Any CPU.Build.0 = Debug|Any CPU
		{131DF709-9A25-456B-A8A3-84B9CE1E6105}.Release|Any CPU.ActiveCfg = Release|Any CPU
		{131DF709-9A25-456B-A8A3-84B9CE1E6105}.Release|Any CPU.Build.0 = Release|Any CPU
	EndGlobalSection
	GlobalSection(SolutionProperties) = preSolution
		HideSolutionNode = FALSE
	EndGlobalSection
	GlobalSection(ExtensibilityGlobals) = postSolution
		SolutionGuid = {B9B05A30-1C1A-4D88-8114-06C9FC87C908}
	EndGlobalSection
EndGlobal
